// !$*UTF8*$!
{
	archiveVersion = 1;
	classes = {
	};
	objectVersion = 56;
	objects = {

/* Begin PBXBuildFile section */
		14768ECA2B00014A0038DC0E /* CharacterDexApp.swift in Sources */ = {isa = PBXBuildFile; fileRef = 14768EC92B00014A0038DC0E /* CharacterDexApp.swift */; };
		14768ECC2B00014A0038DC0E /* ContentView.swift in Sources */ = {isa = PBXBuildFile; fileRef = 14768ECB2B00014A0038DC0E /* ContentView.swift */; };
		14768ECE2B00014C0038DC0E /* Assets.xcassets in Resources */ = {isa = PBXBuildFile; fileRef = 14768ECD2B00014C0038DC0E /* Assets.xcassets */; };
		14768ED12B00014C0038DC0E /* Preview Assets.xcassets in Resources */ = {isa = PBXBuildFile; fileRef = 14768ED02B00014C0038DC0E /* Preview Assets.xcassets */; };
		14768EE02B000A890038DC0E /* RMCharacterModel.swift in Sources */ = {isa = PBXBuildFile; fileRef = 14768EDF2B000A890038DC0E /* RMCharacterModel.swift */; };
		14768EE22B000B280038DC0E /* RMCharacterListModel.swift in Sources */ = {isa = PBXBuildFile; fileRef = 14768EE12B000B280038DC0E /* RMCharacterListModel.swift */; };
		14768EE42B000B780038DC0E /* RMCharacterDetailsModel.swift in Sources */ = {isa = PBXBuildFile; fileRef = 14768EE32B000B780038DC0E /* RMCharacterDetailsModel.swift */; };
		14768EE62B000CA50038DC0E /* RMCharacterViewModel.swift in Sources */ = {isa = PBXBuildFile; fileRef = 14768EE52B000CA50038DC0E /* RMCharacterViewModel.swift */; };
		14768EE82B000F440038DC0E /* RMAPIAccessService.swift in Sources */ = {isa = PBXBuildFile; fileRef = 14768EE72B000F440038DC0E /* RMAPIAccessService.swift */; };
		14768EEA2B000FB00038DC0E /* Helpers.swift in Sources */ = {isa = PBXBuildFile; fileRef = 14768EE92B000FB00038DC0E /* Helpers.swift */; };
		14768EEC2B0012F60038DC0E /* RMCharacterListView.swift in Sources */ = {isa = PBXBuildFile; fileRef = 14768EEB2B0012F60038DC0E /* RMCharacterListView.swift */; };
		14768EEE2B0013080038DC0E /* RMCharacterDetailsView.swift in Sources */ = {isa = PBXBuildFile; fileRef = 14768EED2B0013080038DC0E /* RMCharacterDetailsView.swift */; };
		14768EF02B0013870038DC0E /* CustomStyling.swift in Sources */ = {isa = PBXBuildFile; fileRef = 14768EEF2B0013870038DC0E /* CustomStyling.swift */; };
		14768EF22B0013A10038DC0E /* CVModifier.swift in Sources */ = {isa = PBXBuildFile; fileRef = 14768EF12B0013A10038DC0E /* CVModifier.swift */; };
/* End PBXBuildFile section */

/* Begin PBXFileReference section */
		14768EC62B00014A0038DC0E /* CharacterDex.app */ = {isa = PBXFileReference; explicitFileType = wrapper.application; includeInIndex = 0; path = CharacterDex.app; sourceTree = BUILT_PRODUCTS_DIR; };
		14768EC92B00014A0038DC0E /* CharacterDexApp.swift */ = {isa = PBXFileReference; lastKnownFileType = sourcecode.swift; path = CharacterDexApp.swift; sourceTree = "<group>"; };
		14768ECB2B00014A0038DC0E /* ContentView.swift */ = {isa = PBXFileReference; lastKnownFileType = sourcecode.swift; path = ContentView.swift; sourceTree = "<group>"; };
		14768ECD2B00014C0038DC0E /* Assets.xcassets */ = {isa = PBXFileReference; lastKnownFileType = folder.assetcatalog; path = Assets.xcassets; sourceTree = "<group>"; };
		14768ED02B00014C0038DC0E /* Preview Assets.xcassets */ = {isa = PBXFileReference; lastKnownFileType = folder.assetcatalog; path = "Preview Assets.xcassets"; sourceTree = "<group>"; };
		14768EDF2B000A890038DC0E /* RMCharacterModel.swift */ = {isa = PBXFileReference; lastKnownFileType = sourcecode.swift; path = RMCharacterModel.swift; sourceTree = "<group>"; };
		14768EE12B000B280038DC0E /* RMCharacterListModel.swift */ = {isa = PBXFileReference; lastKnownFileType = sourcecode.swift; path = RMCharacterListModel.swift; sourceTree = "<group>"; };
		14768EE32B000B780038DC0E /* RMCharacterDetailsModel.swift */ = {isa = PBXFileReference; lastKnownFileType = sourcecode.swift; path = RMCharacterDetailsModel.swift; sourceTree = "<group>"; };
		14768EE52B000CA50038DC0E /* RMCharacterViewModel.swift */ = {isa = PBXFileReference; lastKnownFileType = sourcecode.swift; path = RMCharacterViewModel.swift; sourceTree = "<group>"; };
		14768EE72B000F440038DC0E /* RMAPIAccessService.swift */ = {isa = PBXFileReference; lastKnownFileType = sourcecode.swift; path = RMAPIAccessService.swift; sourceTree = "<group>"; };
		14768EE92B000FB00038DC0E /* Helpers.swift */ = {isa = PBXFileReference; lastKnownFileType = sourcecode.swift; path = Helpers.swift; sourceTree = "<group>"; };
		14768EEB2B0012F60038DC0E /* RMCharacterListView.swift */ = {isa = PBXFileReference; lastKnownFileType = sourcecode.swift; path = RMCharacterListView.swift; sourceTree = "<group>"; };
		14768EED2B0013080038DC0E /* RMCharacterDetailsView.swift */ = {isa = PBXFileReference; lastKnownFileType = sourcecode.swift; path = RMCharacterDetailsView.swift; sourceTree = "<group>"; };
		14768EEF2B0013870038DC0E /* CustomStyling.swift */ = {isa = PBXFileReference; lastKnownFileType = sourcecode.swift; path = CustomStyling.swift; sourceTree = "<group>"; };
		14768EF12B0013A10038DC0E /* CVModifier.swift */ = {isa = PBXFileReference; lastKnownFileType = sourcecode.swift; path = CVModifier.swift; sourceTree = "<group>"; };
/* End PBXFileReference section */

/* Begin PBXFrameworksBuildPhase section */
		14768EC32B00014A0038DC0E /* Frameworks */ = {
			isa = PBXFrameworksBuildPhase;
			buildActionMask = 2147483647;
			files = (
			);
			runOnlyForDeploymentPostprocessing = 0;
		};
/* End PBXFrameworksBuildPhase section */

/* Begin PBXGroup section */
		14768EBD2B00014A0038DC0E = {
			isa = PBXGroup;
			children = (
				14768EC82B00014A0038DC0E /* CharacterDex */,
				14768EC72B00014A0038DC0E /* Products */,
			);
			sourceTree = "<group>";
		};
		14768EC72B00014A0038DC0E /* Products */ = {
			isa = PBXGroup;
			children = (
				14768EC62B00014A0038DC0E /* CharacterDex.app */,
			);
			name = Products;
			sourceTree = "<group>";
		};
		14768EC82B00014A0038DC0E /* CharacterDex */ = {
			isa = PBXGroup;
			children = (
				14768ED72B0007040038DC0E /* Model */,
				14768ED82B00070E0038DC0E /* ViewModel */,
				14768ED92B0007210038DC0E /* View */,
				14768EDB2B00073E0038DC0E /* Services */,
				14768EDC2B0007500038DC0E /* Helpers */,
				14768EDD2B0009AE0038DC0E /* Styles */,
				14768EDE2B0009BB0038DC0E /* ViewModifiers */,
				14768EC92B00014A0038DC0E /* CharacterDexApp.swift */,
				14768ECB2B00014A0038DC0E /* ContentView.swift */,
				14768ECD2B00014C0038DC0E /* Assets.xcassets */,
				14768ECF2B00014C0038DC0E /* Preview Content */,
			);
			path = CharacterDex;
			sourceTree = "<group>";
		};
		14768ECF2B00014C0038DC0E /* Preview Content */ = {
			isa = PBXGroup;
			children = (
				14768ED02B00014C0038DC0E /* Preview Assets.xcassets */,
			);
			path = "Preview Content";
			sourceTree = "<group>";
		};
		14768ED72B0007040038DC0E /* Model */ = {
			isa = PBXGroup;
			children = (
				14768EDF2B000A890038DC0E /* RMCharacterModel.swift */,
				14768EE12B000B280038DC0E /* RMCharacterListModel.swift */,
				14768EE32B000B780038DC0E /* RMCharacterDetailsModel.swift */,
			);
			path = Model;
			sourceTree = "<group>";
		};
		14768ED82B00070E0038DC0E /* ViewModel */ = {
			isa = PBXGroup;
			children = (
				14768EE52B000CA50038DC0E /* RMCharacterViewModel.swift */,
			);
			path = ViewModel;
			sourceTree = "<group>";
		};
		14768ED92B0007210038DC0E /* View */ = {
			isa = PBXGroup;
			children = (
				14768EEB2B0012F60038DC0E /* RMCharacterListView.swift */,
				14768EED2B0013080038DC0E /* RMCharacterDetailsView.swift */,
			);
			path = View;
			sourceTree = "<group>";
		};
		14768EDB2B00073E0038DC0E /* Services */ = {
			isa = PBXGroup;
			children = (
				14768EE72B000F440038DC0E /* RMAPIAccessService.swift */,
			);
			path = Services;
			sourceTree = "<group>";
		};
		14768EDC2B0007500038DC0E /* Helpers */ = {
			isa = PBXGroup;
			children = (
				14768EE92B000FB00038DC0E /* Helpers.swift */,
			);
			path = Helpers;
			sourceTree = "<group>";
		};
		14768EDD2B0009AE0038DC0E /* Styles */ = {
			isa = PBXGroup;
			children = (
				14768EEF2B0013870038DC0E /* CustomStyling.swift */,
			);
			path = Styles;
			sourceTree = "<group>";
		};
		14768EDE2B0009BB0038DC0E /* ViewModifiers */ = {
			isa = PBXGroup;
			children = (
				14768EF12B0013A10038DC0E /* CVModifier.swift */,
			);
			path = ViewModifiers;
			sourceTree = "<group>";
		};
/* End PBXGroup section */

/* Begin PBXNativeTarget section */
		14768EC52B00014A0038DC0E /* CharacterDex */ = {
			isa = PBXNativeTarget;
			buildConfigurationList = 14768ED42B00014C0038DC0E /* Build configuration list for PBXNativeTarget "CharacterDex" */;
			buildPhases = (
				14768EC22B00014A0038DC0E /* Sources */,
				14768EC32B00014A0038DC0E /* Frameworks */,
				14768EC42B00014A0038DC0E /* Resources */,
			);
			buildRules = (
			);
			dependencies = (
			);
			name = CharacterDex;
			productName = CharacterDex;
			productReference = 14768EC62B00014A0038DC0E /* CharacterDex.app */;
			productType = "com.apple.product-type.application";
		};
/* End PBXNativeTarget section */

/* Begin PBXProject section */
		14768EBE2B00014A0038DC0E /* Project object */ = {
			isa = PBXProject;
			attributes = {
				BuildIndependentTargetsInParallel = 1;
				LastSwiftUpdateCheck = 1500;
				LastUpgradeCheck = 1500;
				TargetAttributes = {
					14768EC52B00014A0038DC0E = {
						CreatedOnToolsVersion = 15.0;
					};
				};
			};
			buildConfigurationList = 14768EC12B00014A0038DC0E /* Build configuration list for PBXProject "CharacterDex" */;
			compatibilityVersion = "Xcode 14.0";
			developmentRegion = en;
			hasScannedForEncodings = 0;
			knownRegions = (
				en,
				Base,
			);
			mainGroup = 14768EBD2B00014A0038DC0E;
			productRefGroup = 14768EC72B00014A0038DC0E /* Products */;
			projectDirPath = "";
			projectRoot = "";
			targets = (
				14768EC52B00014A0038DC0E /* CharacterDex */,
			);
		};
/* End PBXProject section */

/* Begin PBXResourcesBuildPhase section */
		14768EC42B00014A0038DC0E /* Resources */ = {
			isa = PBXResourcesBuildPhase;
			buildActionMask = 2147483647;
			files = (
				14768ED12B00014C0038DC0E /* Preview Assets.xcassets in Resources */,
				14768ECE2B00014C0038DC0E /* Assets.xcassets in Resources */,
			);
			runOnlyForDeploymentPostprocessing = 0;
		};
/* End PBXResourcesBuildPhase section */

/* Begin PBXSourcesBuildPhase section */
		14768EC22B00014A0038DC0E /* Sources */ = {
			isa = PBXSourcesBuildPhase;
			buildActionMask = 2147483647;
			files = (
				14768ECC2B00014A0038DC0E /* ContentView.swift in Sources */,
				14768EF02B0013870038DC0E /* CustomStyling.swift in Sources */,
				14768EE42B000B780038DC0E /* RMCharacterDetailsModel.swift in Sources */,
				14768EE82B000F440038DC0E /* RMAPIAccessService.swift in Sources */,
				14768EEA2B000FB00038DC0E /* Helpers.swift in Sources */,
				14768EEE2B0013080038DC0E /* RMCharacterDetailsView.swift in Sources */,
				14768ECA2B00014A0038DC0E /* CharacterDexApp.swift in Sources */,
				14768EE22B000B280038DC0E /* RMCharacterListModel.swift in Sources */,
				14768EE02B000A890038DC0E /* RMCharacterModel.swift in Sources */,
				14768EE62B000CA50038DC0E /* RMCharacterViewModel.swift in Sources */,
				14768EEC2B0012F60038DC0E /* RMCharacterListView.swift in Sources */,
				14768EF22B0013A10038DC0E /* CVModifier.swift in Sources */,
			);
			runOnlyForDeploymentPostprocessing = 0;
		};
/* End PBXSourcesBuildPhase section */

/* Begin XCBuildConfiguration section */
		14768ED22B00014C0038DC0E /* Debug */ = {
			isa = XCBuildConfiguration;
			buildSettings = {
				ALWAYS_SEARCH_USER_PATHS = NO;
				ASSETCATALOG_COMPILER_GENERATE_SWIFT_ASSET_SYMBOL_EXTENSIONS = YES;
				CLANG_ANALYZER_NONNULL = YES;
				CLANG_ANALYZER_NUMBER_OBJECT_CONVERSION = YES_AGGRESSIVE;
				CLANG_CXX_LANGUAGE_STANDARD = "gnu++20";
				CLANG_ENABLE_MODULES = YES;
				CLANG_ENABLE_OBJC_ARC = YES;
				CLANG_ENABLE_OBJC_WEAK = YES;
				CLANG_WARN_BLOCK_CAPTURE_AUTORELEASING = YES;
				CLANG_WARN_BOOL_CONVERSION = YES;
				CLANG_WARN_COMMA = YES;
				CLANG_WARN_CONSTANT_CONVERSION = YES;
				CLANG_WARN_DEPRECATED_OBJC_IMPLEMENTATIONS = YES;
				CLANG_WARN_DIRECT_OBJC_ISA_USAGE = YES_ERROR;
				CLANG_WARN_DOCUMENTATION_COMMENTS = YES;
				CLANG_WARN_EMPTY_BODY = YES;
				CLANG_WARN_ENUM_CONVERSION = YES;
				CLANG_WARN_INFINITE_RECURSION = YES;
				CLANG_WARN_INT_CONVERSION = YES;
				CLANG_WARN_NON_LITERAL_NULL_CONVERSION = YES;
				CLANG_WARN_OBJC_IMPLICIT_RETAIN_SELF = YES;
				CLANG_WARN_OBJC_LITERAL_CONVERSION = YES;
				CLANG_WARN_OBJC_ROOT_CLASS = YES_ERROR;
				CLANG_WARN_QUOTED_INCLUDE_IN_FRAMEWORK_HEADER = YES;
				CLANG_WARN_RANGE_LOOP_ANALYSIS = YES;
				CLANG_WARN_STRICT_PROTOTYPES = YES;
				CLANG_WARN_SUSPICIOUS_MOVE = YES;
				CLANG_WARN_UNGUARDED_AVAILABILITY = YES_AGGRESSIVE;
				CLANG_WARN_UNREACHABLE_CODE = YES;
				CLANG_WARN__DUPLICATE_METHOD_MATCH = YES;
				COPY_PHASE_STRIP = NO;
				DEBUG_INFORMATION_FORMAT = dwarf;
				ENABLE_STRICT_OBJC_MSGSEND = YES;
				ENABLE_TESTABILITY = YES;
				ENABLE_USER_SCRIPT_SANDBOXING = YES;
				GCC_C_LANGUAGE_STANDARD = gnu17;
				GCC_DYNAMIC_NO_PIC = NO;
				GCC_NO_COMMON_BLOCKS = YES;
				GCC_OPTIMIZATION_LEVEL = 0;
				GCC_PREPROCESSOR_DEFINITIONS = (
					"DEBUG=1",
					"$(inherited)",
				);
				GCC_WARN_64_TO_32_BIT_CONVERSION = YES;
				GCC_WARN_ABOUT_RETURN_TYPE = YES_ERROR;
				GCC_WARN_UNDECLARED_SELECTOR = YES;
				GCC_WARN_UNINITIALIZED_AUTOS = YES_AGGRESSIVE;
				GCC_WARN_UNUSED_FUNCTION = YES;
				GCC_WARN_UNUSED_VARIABLE = YES;
				IPHONEOS_DEPLOYMENT_TARGET = 17.0;
				LOCALIZATION_PREFERS_STRING_CATALOGS = YES;
				MTL_ENABLE_DEBUG_INFO = INCLUDE_SOURCE;
				MTL_FAST_MATH = YES;
				ONLY_ACTIVE_ARCH = YES;
				SDKROOT = iphoneos;
				SWIFT_ACTIVE_COMPILATION_CONDITIONS = "DEBUG $(inherited)";
				SWIFT_OPTIMIZATION_LEVEL = "-Onone";
			};
			name = Debug;
		};
		14768ED32B00014C0038DC0E /* Release */ = {
			isa = XCBuildConfiguration;
			buildSettings = {
				ALWAYS_SEARCH_USER_PATHS = NO;
				ASSETCATALOG_COMPILER_GENERATE_SWIFT_ASSET_SYMBOL_EXTENSIONS = YES;
				CLANG_ANALYZER_NONNULL = YES;
				CLANG_ANALYZER_NUMBER_OBJECT_CONVERSION = YES_AGGRESSIVE;
				CLANG_CXX_LANGUAGE_STANDARD = "gnu++20";
				CLANG_ENABLE_MODULES = YES;
				CLANG_ENABLE_OBJC_ARC = YES;
				CLANG_ENABLE_OBJC_WEAK = YES;
				CLANG_WARN_BLOCK_CAPTURE_AUTORELEASING = YES;
				CLANG_WARN_BOOL_CONVERSION = YES;
				CLANG_WARN_COMMA = YES;
				CLANG_WARN_CONSTANT_CONVERSION = YES;
				CLANG_WARN_DEPRECATED_OBJC_IMPLEMENTATIONS = YES;
				CLANG_WARN_DIRECT_OBJC_ISA_USAGE = YES_ERROR;
				CLANG_WARN_DOCUMENTATION_COMMENTS = YES;
				CLANG_WARN_EMPTY_BODY = YES;
				CLANG_WARN_ENUM_CONVERSION = YES;
				CLANG_WARN_INFINITE_RECURSION = YES;
				CLANG_WARN_INT_CONVERSION = YES;
				CLANG_WARN_NON_LITERAL_NULL_CONVERSION = YES;
				CLANG_WARN_OBJC_IMPLICIT_RETAIN_SELF = YES;
				CLANG_WARN_OBJC_LITERAL_CONVERSION = YES;
				CLANG_WARN_OBJC_ROOT_CLASS = YES_ERROR;
				CLANG_WARN_QUOTED_INCLUDE_IN_FRAMEWORK_HEADER = YES;
				CLANG_WARN_RANGE_LOOP_ANALYSIS = YES;
				CLANG_WARN_STRICT_PROTOTYPES = YES;
				CLANG_WARN_SUSPICIOUS_MOVE = YES;
				CLANG_WARN_UNGUARDED_AVAILABILITY = YES_AGGRESSIVE;
				CLANG_WARN_UNREACHABLE_CODE = YES;
				CLANG_WARN__DUPLICATE_METHOD_MATCH = YES;
				COPY_PHASE_STRIP = NO;
				DEBUG_INFORMATION_FORMAT = "dwarf-with-dsym";
				ENABLE_NS_ASSERTIONS = NO;
				ENABLE_STRICT_OBJC_MSGSEND = YES;
				ENABLE_USER_SCRIPT_SANDBOXING = YES;
				GCC_C_LANGUAGE_STANDARD = gnu17;
				GCC_NO_COMMON_BLOCKS = YES;
				GCC_WARN_64_TO_32_BIT_CONVERSION = YES;
				GCC_WARN_ABOUT_RETURN_TYPE = YES_ERROR;
				GCC_WARN_UNDECLARED_SELECTOR = YES;
				GCC_WARN_UNINITIALIZED_AUTOS = YES_AGGRESSIVE;
				GCC_WARN_UNUSED_FUNCTION = YES;
				GCC_WARN_UNUSED_VARIABLE = YES;
				IPHONEOS_DEPLOYMENT_TARGET = 17.0;
				LOCALIZATION_PREFERS_STRING_CATALOGS = YES;
				MTL_ENABLE_DEBUG_INFO = NO;
				MTL_FAST_MATH = YES;
				SDKROOT = iphoneos;
				SWIFT_COMPILATION_MODE = wholemodule;
				VALIDATE_PRODUCT = YES;
			};
			name = Release;
		};
		14768ED52B00014C0038DC0E /* Debug */ = {
			isa = XCBuildConfiguration;
			buildSettings = {
				ASSETCATALOG_COMPILER_APPICON_NAME = AppIcon;
				ASSETCATALOG_COMPILER_GLOBAL_ACCENT_COLOR_NAME = AccentColor;
				CODE_SIGN_STYLE = Automatic;
				CURRENT_PROJECT_VERSION = 1;
				DEVELOPMENT_ASSET_PATHS = "\"CharacterDex/Preview Content\"";
				DEVELOPMENT_TEAM = HWRHDZS23J;
				ENABLE_PREVIEWS = YES;
				GENERATE_INFOPLIST_FILE = YES;
				INFOPLIST_KEY_UIApplicationSceneManifest_Generation = YES;
				INFOPLIST_KEY_UIApplicationSupportsIndirectInputEvents = YES;
				INFOPLIST_KEY_UILaunchScreen_Generation = YES;
				INFOPLIST_KEY_UISupportedInterfaceOrientations_iPad = "UIInterfaceOrientationPortrait UIInterfaceOrientationPortraitUpsideDown UIInterfaceOrientationLandscapeLeft UIInterfaceOrientationLandscapeRight";
				INFOPLIST_KEY_UISupportedInterfaceOrientations_iPhone = "UIInterfaceOrientationPortrait UIInterfaceOrientationLandscapeLeft UIInterfaceOrientationLandscapeRight";
				LD_RUNPATH_SEARCH_PATHS = (
					"$(inherited)",
					"@executable_path/Frameworks",
				);
				MARKETING_VERSION = 1.0;
				PRODUCT_BUNDLE_IDENTIFIER = com.iantomasi.CharacterDex;
				PRODUCT_NAME = "$(TARGET_NAME)";
				SWIFT_EMIT_LOC_STRINGS = YES;
				SWIFT_VERSION = 5.0;
				TARGETED_DEVICE_FAMILY = "1,2";
			};
			name = Debug;
		};
		14768ED62B00014C0038DC0E /* Release */ = {
			isa = XCBuildConfiguration;
			buildSettings = {
				ASSETCATALOG_COMPILER_APPICON_NAME = AppIcon;
				ASSETCATALOG_COMPILER_GLOBAL_ACCENT_COLOR_NAME = AccentColor;
				CODE_SIGN_STYLE = Automatic;
				CURRENT_PROJECT_VERSION = 1;
				DEVELOPMENT_ASSET_PATHS = "\"CharacterDex/Preview Content\"";
				DEVELOPMENT_TEAM = HWRHDZS23J;
				ENABLE_PREVIEWS = YES;
				GENERATE_INFOPLIST_FILE = YES;
				INFOPLIST_KEY_UIApplicationSceneManifest_Generation = YES;
				INFOPLIST_KEY_UIApplicationSupportsIndirectInputEvents = YES;
				INFOPLIST_KEY_UILaunchScreen_Generation = YES;
				INFOPLIST_KEY_UISupportedInterfaceOrientations_iPad = "UIInterfaceOrientationPortrait UIInterfaceOrientationPortraitUpsideDown UIInterfaceOrientationLandscapeLeft UIInterfaceOrientationLandscapeRight";
				INFOPLIST_KEY_UISupportedInterfaceOrientations_iPhone = "UIInterfaceOrientationPortrait UIInterfaceOrientationLandscapeLeft UIInterfaceOrientationLandscapeRight";
				LD_RUNPATH_SEARCH_PATHS = (
					"$(inherited)",
					"@executable_path/Frameworks",
				);
				MARKETING_VERSION = 1.0;
				PRODUCT_BUNDLE_IDENTIFIER = com.iantomasi.CharacterDex;
				PRODUCT_NAME = "$(TARGET_NAME)";
				SWIFT_EMIT_LOC_STRINGS = YES;
				SWIFT_VERSION = 5.0;
				TARGETED_DEVICE_FAMILY = "1,2";
			};
			name = Release;
		};
/* End XCBuildConfiguration section */

/* Begin XCConfigurationList section */
		14768EC12B00014A0038DC0E /* Build configuration list for PBXProject "CharacterDex" */ = {
			isa = XCConfigurationList;
			buildConfigurations = (
				14768ED22B00014C0038DC0E /* Debug */,
				14768ED32B00014C0038DC0E /* Release */,
			);
			defaultConfigurationIsVisible = 0;
			defaultConfigurationName = Release;
		};
		14768ED42B00014C0038DC0E /* Build configuration list for PBXNativeTarget "CharacterDex" */ = {
			isa = XCConfigurationList;
			buildConfigurations = (
				14768ED52B00014C0038DC0E /* Debug */,
				14768ED62B00014C0038DC0E /* Release */,
			);
			defaultConfigurationIsVisible = 0;
			defaultConfigurationName = Release;
		};
/* End XCConfigurationList section */
	};
	rootObject = 14768EBE2B00014A0038DC0E /* Project object */;
}
